// !$*UTF8*$!
{
	archiveVersion = 1;
	classes = {
	};
	objectVersion = 56;
	objects = {

/* Begin PBXBuildFile section */
		E8EDA0CA2B6FB21D00F89D50 /* VoiceMemoApp.swift in Sources */ = {isa = PBXBuildFile; fileRef = E8EDA0C92B6FB21D00F89D50 /* VoiceMemoApp.swift */; };
		E8EDA0CC2B6FB21D00F89D50 /* ContentView.swift in Sources */ = {isa = PBXBuildFile; fileRef = E8EDA0CB2B6FB21D00F89D50 /* ContentView.swift */; };
		E8EDA0CE2B6FB21E00F89D50 /* Assets.xcassets in Resources */ = {isa = PBXBuildFile; fileRef = E8EDA0CD2B6FB21E00F89D50 /* Assets.xcassets */; };
		E8EDA0D12B6FB21E00F89D50 /* Preview Assets.xcassets in Resources */ = {isa = PBXBuildFile; fileRef = E8EDA0D02B6FB21E00F89D50 /* Preview Assets.xcassets */; };
		E8EDA0DB2B6FB21F00F89D50 /* VoiceMemoTests.swift in Sources */ = {isa = PBXBuildFile; fileRef = E8EDA0DA2B6FB21F00F89D50 /* VoiceMemoTests.swift */; };
		E8EDA0E52B6FB21F00F89D50 /* VoiceMemoUITests.swift in Sources */ = {isa = PBXBuildFile; fileRef = E8EDA0E42B6FB21F00F89D50 /* VoiceMemoUITests.swift */; };
		E8EDA0E72B6FB21F00F89D50 /* VoiceMemoUITestsLaunchTests.swift in Sources */ = {isa = PBXBuildFile; fileRef = E8EDA0E62B6FB21F00F89D50 /* VoiceMemoUITestsLaunchTests.swift */; };
/* End PBXBuildFile section */

/* Begin PBXContainerItemProxy section */
		E8EDA0D72B6FB21F00F89D50 /* PBXContainerItemProxy */ = {
			isa = PBXContainerItemProxy;
			containerPortal = E8EDA0BE2B6FB21C00F89D50 /* Project object */;
			proxyType = 1;
			remoteGlobalIDString = E8EDA0C52B6FB21D00F89D50;
			remoteInfo = VoiceMemo;
		};
		E8EDA0E12B6FB21F00F89D50 /* PBXContainerItemProxy */ = {
			isa = PBXContainerItemProxy;
			containerPortal = E8EDA0BE2B6FB21C00F89D50 /* Project object */;
			proxyType = 1;
			remoteGlobalIDString = E8EDA0C52B6FB21D00F89D50;
			remoteInfo = VoiceMemo;
		};
/* End PBXContainerItemProxy section */

/* Begin PBXFileReference section */
		E8EDA0C62B6FB21D00F89D50 /* VoiceMemo.app */ = {isa = PBXFileReference; explicitFileType = wrapper.application; includeInIndex = 0; path = VoiceMemo.app; sourceTree = BUILT_PRODUCTS_DIR; };
		E8EDA0C92B6FB21D00F89D50 /* VoiceMemoApp.swift */ = {isa = PBXFileReference; lastKnownFileType = sourcecode.swift; path = VoiceMemoApp.swift; sourceTree = "<group>"; };
		E8EDA0CB2B6FB21D00F89D50 /* ContentView.swift */ = {isa = PBXFileReference; lastKnownFileType = sourcecode.swift; path = ContentView.swift; sourceTree = "<group>"; };
		E8EDA0CD2B6FB21E00F89D50 /* Assets.xcassets */ = {isa = PBXFileReference; lastKnownFileType = folder.assetcatalog; path = Assets.xcassets; sourceTree = "<group>"; };
		E8EDA0D02B6FB21E00F89D50 /* Preview Assets.xcassets */ = {isa = PBXFileReference; lastKnownFileType = folder.assetcatalog; path = "Preview Assets.xcassets"; sourceTree = "<group>"; };
		E8EDA0D62B6FB21F00F89D50 /* VoiceMemoTests.xctest */ = {isa = PBXFileReference; explicitFileType = wrapper.cfbundle; includeInIndex = 0; path = VoiceMemoTests.xctest; sourceTree = BUILT_PRODUCTS_DIR; };
		E8EDA0DA2B6FB21F00F89D50 /* VoiceMemoTests.swift */ = {isa = PBXFileReference; lastKnownFileType = sourcecode.swift; path = VoiceMemoTests.swift; sourceTree = "<group>"; };
		E8EDA0E02B6FB21F00F89D50 /* VoiceMemoUITests.xctest */ = {isa = PBXFileReference; explicitFileType = wrapper.cfbundle; includeInIndex = 0; path = VoiceMemoUITests.xctest; sourceTree = BUILT_PRODUCTS_DIR; };
		E8EDA0E42B6FB21F00F89D50 /* VoiceMemoUITests.swift */ = {isa = PBXFileReference; lastKnownFileType = sourcecode.swift; path = VoiceMemoUITests.swift; sourceTree = "<group>"; };
		E8EDA0E62B6FB21F00F89D50 /* VoiceMemoUITestsLaunchTests.swift */ = {isa = PBXFileReference; lastKnownFileType = sourcecode.swift; path = VoiceMemoUITestsLaunchTests.swift; sourceTree = "<group>"; };
/* End PBXFileReference section */

/* Begin PBXFrameworksBuildPhase section */
		E8EDA0C32B6FB21D00F89D50 /* Frameworks */ = {
			isa = PBXFrameworksBuildPhase;
			buildActionMask = 2147483647;
			files = (
			);
			runOnlyForDeploymentPostprocessing = 0;
		};
		E8EDA0D32B6FB21F00F89D50 /* Frameworks */ = {
			isa = PBXFrameworksBuildPhase;
			buildActionMask = 2147483647;
			files = (
			);
			runOnlyForDeploymentPostprocessing = 0;
		};
		E8EDA0DD2B6FB21F00F89D50 /* Frameworks */ = {
			isa = PBXFrameworksBuildPhase;
			buildActionMask = 2147483647;
			files = (
			);
			runOnlyForDeploymentPostprocessing = 0;
		};
/* End PBXFrameworksBuildPhase section */

/* Begin PBXGroup section */
		E8EDA0BD2B6FB21C00F89D50 = {
			isa = PBXGroup;
			children = (
				E8EDA0C82B6FB21D00F89D50 /* VoiceMemo */,
				E8EDA0D92B6FB21F00F89D50 /* VoiceMemoTests */,
				E8EDA0E32B6FB21F00F89D50 /* VoiceMemoUITests */,
				E8EDA0C72B6FB21D00F89D50 /* Products */,
			);
			sourceTree = "<group>";
		};
		E8EDA0C72B6FB21D00F89D50 /* Products */ = {
			isa = PBXGroup;
			children = (
				E8EDA0C62B6FB21D00F89D50 /* VoiceMemo.app */,
				E8EDA0D62B6FB21F00F89D50 /* VoiceMemoTests.xctest */,
				E8EDA0E02B6FB21F00F89D50 /* VoiceMemoUITests.xctest */,
			);
			name = Products;
			sourceTree = "<group>";
		};
		E8EDA0C82B6FB21D00F89D50 /* VoiceMemo */ = {
			isa = PBXGroup;
			children = (
				E8EDA0C92B6FB21D00F89D50 /* VoiceMemoApp.swift */,
				E8EDA0CB2B6FB21D00F89D50 /* ContentView.swift */,
				E8EDA0CD2B6FB21E00F89D50 /* Assets.xcassets */,
				E8EDA0CF2B6FB21E00F89D50 /* Preview Content */,
			);
			path = VoiceMemo;
			sourceTree = "<group>";
		};
		E8EDA0CF2B6FB21E00F89D50 /* Preview Content */ = {
			isa = PBXGroup;
			children = (
				E8EDA0D02B6FB21E00F89D50 /* Preview Assets.xcassets */,
			);
			path = "Preview Content";
			sourceTree = "<group>";
		};
		E8EDA0D92B6FB21F00F89D50 /* VoiceMemoTests */ = {
			isa = PBXGroup;
			children = (
				E8EDA0DA2B6FB21F00F89D50 /* VoiceMemoTests.swift */,
			);
			path = VoiceMemoTests;
			sourceTree = "<group>";
		};
		E8EDA0E32B6FB21F00F89D50 /* VoiceMemoUITests */ = {
			isa = PBXGroup;
			children = (
				E8EDA0E42B6FB21F00F89D50 /* VoiceMemoUITests.swift */,
				E8EDA0E62B6FB21F00F89D50 /* VoiceMemoUITestsLaunchTests.swift */,
			);
			path = VoiceMemoUITests;
			sourceTree = "<group>";
		};
/* End PBXGroup section */

/* Begin PBXNativeTarget section */
		E8EDA0C52B6FB21D00F89D50 /* VoiceMemo */ = {
			isa = PBXNativeTarget;
			buildConfigurationList = E8EDA0EA2B6FB21F00F89D50 /* Build configuration list for PBXNativeTarget "VoiceMemo" */;
			buildPhases = (
				E8EDA0C22B6FB21D00F89D50 /* Sources */,
				E8EDA0C32B6FB21D00F89D50 /* Frameworks */,
				E8EDA0C42B6FB21D00F89D50 /* Resources */,
			);
			buildRules = (
			);
			dependencies = (
			);
			name = VoiceMemo;
			productName = VoiceMemo;
			productReference = E8EDA0C62B6FB21D00F89D50 /* VoiceMemo.app */;
			productType = "com.apple.product-type.application";
		};
		E8EDA0D52B6FB21F00F89D50 /* VoiceMemoTests */ = {
			isa = PBXNativeTarget;
			buildConfigurationList = E8EDA0ED2B6FB21F00F89D50 /* Build configuration list for PBXNativeTarget "VoiceMemoTests" */;
			buildPhases = (
				E8EDA0D22B6FB21F00F89D50 /* Sources */,
				E8EDA0D32B6FB21F00F89D50 /* Frameworks */,
				E8EDA0D42B6FB21F00F89D50 /* Resources */,
			);
			buildRules = (
			);
			dependencies = (
				E8EDA0D82B6FB21F00F89D50 /* PBXTargetDependency */,
			);
			name = VoiceMemoTests;
			productName = VoiceMemoTests;
			productReference = E8EDA0D62B6FB21F00F89D50 /* VoiceMemoTests.xctest */;
			productType = "com.apple.product-type.bundle.unit-test";
		};
		E8EDA0DF2B6FB21F00F89D50 /* VoiceMemoUITests */ = {
			isa = PBXNativeTarget;
			buildConfigurationList = E8EDA0F02B6FB21F00F89D50 /* Build configuration list for PBXNativeTarget "VoiceMemoUITests" */;
			buildPhases = (
				E8EDA0DC2B6FB21F00F89D50 /* Sources */,
				E8EDA0DD2B6FB21F00F89D50 /* Frameworks */,
				E8EDA0DE2B6FB21F00F89D50 /* Resources */,
			);
			buildRules = (
			);
			dependencies = (
				E8EDA0E22B6FB21F00F89D50 /* PBXTargetDependency */,
			);
			name = VoiceMemoUITests;
			productName = VoiceMemoUITests;
			productReference = E8EDA0E02B6FB21F00F89D50 /* VoiceMemoUITests.xctest */;
			productType = "com.apple.product-type.bundle.ui-testing";
		};
/* End PBXNativeTarget section */

/* Begin PBXProject section */
		E8EDA0BE2B6FB21C00F89D50 /* Project object */ = {
			isa = PBXProject;
			attributes = {
				BuildIndependentTargetsInParallel = 1;
				LastSwiftUpdateCheck = 1520;
				LastUpgradeCheck = 1520;
				TargetAttributes = {
					E8EDA0C52B6FB21D00F89D50 = {
						CreatedOnToolsVersion = 15.2;
					};
					E8EDA0D52B6FB21F00F89D50 = {
						CreatedOnToolsVersion = 15.2;
						TestTargetID = E8EDA0C52B6FB21D00F89D50;
					};
					E8EDA0DF2B6FB21F00F89D50 = {
						CreatedOnToolsVersion = 15.2;
						TestTargetID = E8EDA0C52B6FB21D00F89D50;
					};
				};
			};
			buildConfigurationList = E8EDA0C12B6FB21C00F89D50 /* Build configuration list for PBXProject "VoiceMemo" */;
			compatibilityVersion = "Xcode 14.0";
			developmentRegion = en;
			hasScannedForEncodings = 0;
			knownRegions = (
				en,
				Base,
			);
			mainGroup = E8EDA0BD2B6FB21C00F89D50;
			productRefGroup = E8EDA0C72B6FB21D00F89D50 /* Products */;
			projectDirPath = "";
			projectRoot = "";
			targets = (
				E8EDA0C52B6FB21D00F89D50 /* VoiceMemo */,
				E8EDA0D52B6FB21F00F89D50 /* VoiceMemoTests */,
				E8EDA0DF2B6FB21F00F89D50 /* VoiceMemoUITests */,
			);
		};
/* End PBXProject section */

/* Begin PBXResourcesBuildPhase section */
		E8EDA0C42B6FB21D00F89D50 /* Resources */ = {
			isa = PBXResourcesBuildPhase;
			buildActionMask = 2147483647;
			files = (
				E8EDA0D12B6FB21E00F89D50 /* Preview Assets.xcassets in Resources */,
				E8EDA0CE2B6FB21E00F89D50 /* Assets.xcassets in Resources */,
			);
			runOnlyForDeploymentPostprocessing = 0;
		};
		E8EDA0D42B6FB21F00F89D50 /* Resources */ = {
			isa = PBXResourcesBuildPhase;
			buildActionMask = 2147483647;
			files = (
			);
			runOnlyForDeploymentPostprocessing = 0;
		};
		E8EDA0DE2B6FB21F00F89D50 /* Resources */ = {
			isa = PBXResourcesBuildPhase;
			buildActionMask = 2147483647;
			files = (
			);
			runOnlyForDeploymentPostprocessing = 0;
		};
/* End PBXResourcesBuildPhase section */

/* Begin PBXSourcesBuildPhase section */
		E8EDA0C22B6FB21D00F89D50 /* Sources */ = {
			isa = PBXSourcesBuildPhase;
			buildActionMask = 2147483647;
			files = (
				E8EDA0CC2B6FB21D00F89D50 /* ContentView.swift in Sources */,
				E8EDA0CA2B6FB21D00F89D50 /* VoiceMemoApp.swift in Sources */,
			);
			runOnlyForDeploymentPostprocessing = 0;
		};
		E8EDA0D22B6FB21F00F89D50 /* Sources */ = {
			isa = PBXSourcesBuildPhase;
			buildActionMask = 2147483647;
			files = (
				E8EDA0DB2B6FB21F00F89D50 /* VoiceMemoTests.swift in Sources */,
			);
			runOnlyForDeploymentPostprocessing = 0;
		};
		E8EDA0DC2B6FB21F00F89D50 /* Sources */ = {
			isa = PBXSourcesBuildPhase;
			buildActionMask = 2147483647;
			files = (
				E8EDA0E52B6FB21F00F89D50 /* VoiceMemoUITests.swift in Sources */,
				E8EDA0E72B6FB21F00F89D50 /* VoiceMemoUITestsLaunchTests.swift in Sources */,
			);
			runOnlyForDeploymentPostprocessing = 0;
		};
/* End PBXSourcesBuildPhase section */

/* Begin PBXTargetDependency section */
		E8EDA0D82B6FB21F00F89D50 /* PBXTargetDependency */ = {
			isa = PBXTargetDependency;
			target = E8EDA0C52B6FB21D00F89D50 /* VoiceMemo */;
			targetProxy = E8EDA0D72B6FB21F00F89D50 /* PBXContainerItemProxy */;
		};
		E8EDA0E22B6FB21F00F89D50 /* PBXTargetDependency */ = {
			isa = PBXTargetDependency;
			target = E8EDA0C52B6FB21D00F89D50 /* VoiceMemo */;
			targetProxy = E8EDA0E12B6FB21F00F89D50 /* PBXContainerItemProxy */;
		};
/* End PBXTargetDependency section */

/* Begin XCBuildConfiguration section */
		E8EDA0E82B6FB21F00F89D50 /* Debug */ = {
			isa = XCBuildConfiguration;
			buildSettings = {
				ALWAYS_SEARCH_USER_PATHS = NO;
				ASSETCATALOG_COMPILER_GENERATE_SWIFT_ASSET_SYMBOL_EXTENSIONS = YES;
				CLANG_ANALYZER_NONNULL = YES;
				CLANG_ANALYZER_NUMBER_OBJECT_CONVERSION = YES_AGGRESSIVE;
				CLANG_CXX_LANGUAGE_STANDARD = "gnu++20";
				CLANG_ENABLE_MODULES = YES;
				CLANG_ENABLE_OBJC_ARC = YES;
				CLANG_ENABLE_OBJC_WEAK = YES;
				CLANG_WARN_BLOCK_CAPTURE_AUTORELEASING = YES;
				CLANG_WARN_BOOL_CONVERSION = YES;
				CLANG_WARN_COMMA = YES;
				CLANG_WARN_CONSTANT_CONVERSION = YES;
				CLANG_WARN_DEPRECATED_OBJC_IMPLEMENTATIONS = YES;
				CLANG_WARN_DIRECT_OBJC_ISA_USAGE = YES_ERROR;
				CLANG_WARN_DOCUMENTATION_COMMENTS = YES;
				CLANG_WARN_EMPTY_BODY = YES;
				CLANG_WARN_ENUM_CONVERSION = YES;
				CLANG_WARN_INFINITE_RECURSION = YES;
				CLANG_WARN_INT_CONVERSION = YES;
				CLANG_WARN_NON_LITERAL_NULL_CONVERSION = YES;
				CLANG_WARN_OBJC_IMPLICIT_RETAIN_SELF = YES;
				CLANG_WARN_OBJC_LITERAL_CONVERSION = YES;
				CLANG_WARN_OBJC_ROOT_CLASS = YES_ERROR;
				CLANG_WARN_QUOTED_INCLUDE_IN_FRAMEWORK_HEADER = YES;
				CLANG_WARN_RANGE_LOOP_ANALYSIS = YES;
				CLANG_WARN_STRICT_PROTOTYPES = YES;
				CLANG_WARN_SUSPICIOUS_MOVE = YES;
				CLANG_WARN_UNGUARDED_AVAILABILITY = YES_AGGRESSIVE;
				CLANG_WARN_UNREACHABLE_CODE = YES;
				CLANG_WARN__DUPLICATE_METHOD_MATCH = YES;
				COPY_PHASE_STRIP = NO;
				DEBUG_INFORMATION_FORMAT = dwarf;
				ENABLE_STRICT_OBJC_MSGSEND = YES;
				ENABLE_TESTABILITY = YES;
				ENABLE_USER_SCRIPT_SANDBOXING = YES;
				GCC_C_LANGUAGE_STANDARD = gnu17;
				GCC_DYNAMIC_NO_PIC = NO;
				GCC_NO_COMMON_BLOCKS = YES;
				GCC_OPTIMIZATION_LEVEL = 0;
				GCC_PREPROCESSOR_DEFINITIONS = (
					"DEBUG=1",
					"$(inherited)",
				);
				GCC_WARN_64_TO_32_BIT_CONVERSION = YES;
				GCC_WARN_ABOUT_RETURN_TYPE = YES_ERROR;
				GCC_WARN_UNDECLARED_SELECTOR = YES;
				GCC_WARN_UNINITIALIZED_AUTOS = YES_AGGRESSIVE;
				GCC_WARN_UNUSED_FUNCTION = YES;
				GCC_WARN_UNUSED_VARIABLE = YES;
				IPHONEOS_DEPLOYMENT_TARGET = 16.0;
				LOCALIZATION_PREFERS_STRING_CATALOGS = YES;
				MTL_ENABLE_DEBUG_INFO = INCLUDE_SOURCE;
				MTL_FAST_MATH = YES;
				ONLY_ACTIVE_ARCH = YES;
				SDKROOT = iphoneos;
				SWIFT_ACTIVE_COMPILATION_CONDITIONS = "DEBUG $(inherited)";
				SWIFT_OPTIMIZATION_LEVEL = "-Onone";
			};
			name = Debug;
		};
		E8EDA0E92B6FB21F00F89D50 /* Release */ = {
			isa = XCBuildConfiguration;
			buildSettings = {
				ALWAYS_SEARCH_USER_PATHS = NO;
				ASSETCATALOG_COMPILER_GENERATE_SWIFT_ASSET_SYMBOL_EXTENSIONS = YES;
				CLANG_ANALYZER_NONNULL = YES;
				CLANG_ANALYZER_NUMBER_OBJECT_CONVERSION = YES_AGGRESSIVE;
				CLANG_CXX_LANGUAGE_STANDARD = "gnu++20";
				CLANG_ENABLE_MODULES = YES;
				CLANG_ENABLE_OBJC_ARC = YES;
				CLANG_ENABLE_OBJC_WEAK = YES;
				CLANG_WARN_BLOCK_CAPTURE_AUTORELEASING = YES;
				CLANG_WARN_BOOL_CONVERSION = YES;
				CLANG_WARN_COMMA = YES;
				CLANG_WARN_CONSTANT_CONVERSION = YES;
				CLANG_WARN_DEPRECATED_OBJC_IMPLEMENTATIONS = YES;
				CLANG_WARN_DIRECT_OBJC_ISA_USAGE = YES_ERROR;
				CLANG_WARN_DOCUMENTATION_COMMENTS = YES;
				CLANG_WARN_EMPTY_BODY = YES;
				CLANG_WARN_ENUM_CONVERSION = YES;
				CLANG_WARN_INFINITE_RECURSION = YES;
				CLANG_WARN_INT_CONVERSION = YES;
				CLANG_WARN_NON_LITERAL_NULL_CONVERSION = YES;
				CLANG_WARN_OBJC_IMPLICIT_RETAIN_SELF = YES;
				CLANG_WARN_OBJC_LITERAL_CONVERSION = YES;
				CLANG_WARN_OBJC_ROOT_CLASS = YES_ERROR;
				CLANG_WARN_QUOTED_INCLUDE_IN_FRAMEWORK_HEADER = YES;
				CLANG_WARN_RANGE_LOOP_ANALYSIS = YES;
				CLANG_WARN_STRICT_PROTOTYPES = YES;
				CLANG_WARN_SUSPICIOUS_MOVE = YES;
				CLANG_WARN_UNGUARDED_AVAILABILITY = YES_AGGRESSIVE;
				CLANG_WARN_UNREACHABLE_CODE = YES;
				CLANG_WARN__DUPLICATE_METHOD_MATCH = YES;
				COPY_PHASE_STRIP = NO;
				DEBUG_INFORMATION_FORMAT = "dwarf-with-dsym";
				ENABLE_NS_ASSERTIONS = NO;
				ENABLE_STRICT_OBJC_MSGSEND = YES;
				ENABLE_USER_SCRIPT_SANDBOXING = YES;
				GCC_C_LANGUAGE_STANDARD = gnu17;
				GCC_NO_COMMON_BLOCKS = YES;
				GCC_WARN_64_TO_32_BIT_CONVERSION = YES;
				GCC_WARN_ABOUT_RETURN_TYPE = YES_ERROR;
				GCC_WARN_UNDECLARED_SELECTOR = YES;
				GCC_WARN_UNINITIALIZED_AUTOS = YES_AGGRESSIVE;
				GCC_WARN_UNUSED_FUNCTION = YES;
				GCC_WARN_UNUSED_VARIABLE = YES;
				IPHONEOS_DEPLOYMENT_TARGET = 16.0;
				LOCALIZATION_PREFERS_STRING_CATALOGS = YES;
				MTL_ENABLE_DEBUG_INFO = NO;
				MTL_FAST_MATH = YES;
				SDKROOT = iphoneos;
				SWIFT_COMPILATION_MODE = wholemodule;
				VALIDATE_PRODUCT = YES;
			};
			name = Release;
		};
		E8EDA0EB2B6FB21F00F89D50 /* Debug */ = {
			isa = XCBuildConfiguration;
			buildSettings = {
				ASSETCATALOG_COMPILER_APPICON_NAME = AppIcon;
				ASSETCATALOG_COMPILER_GLOBAL_ACCENT_COLOR_NAME = AccentColor;
				CODE_SIGN_STYLE = Automatic;
				CURRENT_PROJECT_VERSION = 1;
				DEVELOPMENT_ASSET_PATHS = "\"VoiceMemo/Preview Content\"";
				DEVELOPMENT_TEAM = 9HJKFUTNXJ;
				ENABLE_PREVIEWS = YES;
				GENERATE_INFOPLIST_FILE = YES;
				INFOPLIST_KEY_UIApplicationSceneManifest_Generation = YES;
				INFOPLIST_KEY_UIApplicationSupportsIndirectInputEvents = YES;
				INFOPLIST_KEY_UILaunchScreen_Generation = YES;
				INFOPLIST_KEY_UIStatusBarStyle = UIStatusBarStyleLightContent;
				INFOPLIST_KEY_UISupportedInterfaceOrientations = UIInterfaceOrientationPortrait;
				IPHONEOS_DEPLOYMENT_TARGET = 16.0;
				LD_RUNPATH_SEARCH_PATHS = (
					"$(inherited)",
					"@executable_path/Frameworks",
				);
				MARKETING_VERSION = 1.0;
				PRODUCT_BUNDLE_IDENTIFIER = com.jiin.VoiceMemo;
				PRODUCT_NAME = "$(TARGET_NAME)";
				SUPPORTED_PLATFORMS = "iphoneos iphonesimulator";
				SUPPORTS_MACCATALYST = NO;
				SUPPORTS_MAC_DESIGNED_FOR_IPHONE_IPAD = NO;
				SUPPORTS_XR_DESIGNED_FOR_IPHONE_IPAD = NO;
				SWIFT_EMIT_LOC_STRINGS = YES;
				SWIFT_VERSION = 5.0;
				TARGETED_DEVICE_FAMILY = "1,2";
			};
			name = Debug;
		};
		E8EDA0EC2B6FB21F00F89D50 /* Release */ = {
			isa = XCBuildConfiguration;
			buildSettings = {
				ASSETCATALOG_COMPILER_APPICON_NAME = AppIcon;
				ASSETCATALOG_COMPILER_GLOBAL_ACCENT_COLOR_NAME = AccentColor;
				CODE_SIGN_STYLE = Automatic;
				CURRENT_PROJECT_VERSION = 1;
				DEVELOPMENT_ASSET_PATHS = "\"VoiceMemo/Preview Content\"";
				DEVELOPMENT_TEAM = 9HJKFUTNXJ;
				ENABLE_PREVIEWS = YES;
				GENERATE_INFOPLIST_FILE = YES;
				INFOPLIST_KEY_UIApplicationSceneManifest_Generation = YES;
				INFOPLIST_KEY_UIApplicationSupportsIndirectInputEvents = YES;
				INFOPLIST_KEY_UILaunchScreen_Generation = YES;
				INFOPLIST_KEY_UIStatusBarStyle = UIStatusBarStyleLightContent;
				INFOPLIST_KEY_UISupportedInterfaceOrientations = UIInterfaceOrientationPortrait;
				IPHONEOS_DEPLOYMENT_TARGET = 16.0;
				LD_RUNPATH_SEARCH_PATHS = (
					"$(inherited)",
					"@executable_path/Frameworks",
				);
				MARKETING_VERSION = 1.0;
				PRODUCT_BUNDLE_IDENTIFIER = com.jiin.VoiceMemo;
				PRODUCT_NAME = "$(TARGET_NAME)";
				SUPPORTED_PLATFORMS = "iphoneos iphonesimulator";
				SUPPORTS_MACCATALYST = NO;
				SUPPORTS_MAC_DESIGNED_FOR_IPHONE_IPAD = NO;
				SUPPORTS_XR_DESIGNED_FOR_IPHONE_IPAD = NO;
				SWIFT_EMIT_LOC_STRINGS = YES;
				SWIFT_VERSION = 5.0;
				TARGETED_DEVICE_FAMILY = "1,2";
			};
			name = Release;
		};
		E8EDA0EE2B6FB21F00F89D50 /* Debug */ = {
			isa = XCBuildConfiguration;
			buildSettings = {
				ALWAYS_EMBED_SWIFT_STANDARD_LIBRARIES = YES;
				BUNDLE_LOADER = "$(TEST_HOST)";
				CODE_SIGN_STYLE = Automatic;
				CURRENT_PROJECT_VERSION = 1;
				DEVELOPMENT_TEAM = 9HJKFUTNXJ;
				GENERATE_INFOPLIST_FILE = YES;
				IPHONEOS_DEPLOYMENT_TARGET = 17.2;
				MARKETING_VERSION = 1.0;
				PRODUCT_BUNDLE_IDENTIFIER = com.jiin.VoiceMemoTests;
				PRODUCT_NAME = "$(TARGET_NAME)";
				SWIFT_EMIT_LOC_STRINGS = NO;
				SWIFT_VERSION = 5.0;
				TARGETED_DEVICE_FAMILY = "1,2";
				TEST_HOST = "$(BUILT_PRODUCTS_DIR)/VoiceMemo.app/$(BUNDLE_EXECUTABLE_FOLDER_PATH)/VoiceMemo";
			};
			name = Debug;
		};
		E8EDA0EF2B6FB21F00F89D50 /* Release */ = {
			isa = XCBuildConfiguration;
			buildSettings = {
				ALWAYS_EMBED_SWIFT_STANDARD_LIBRARIES = YES;
				BUNDLE_LOADER = "$(TEST_HOST)";
				CODE_SIGN_STYLE = Automatic;
				CURRENT_PROJECT_VERSION = 1;
				DEVELOPMENT_TEAM = 9HJKFUTNXJ;
				GENERATE_INFOPLIST_FILE = YES;
				IPHONEOS_DEPLOYMENT_TARGET = 17.2;
				MARKETING_VERSION = 1.0;
				PRODUCT_BUNDLE_IDENTIFIER = com.jiin.VoiceMemoTests;
				PRODUCT_NAME = "$(TARGET_NAME)";
				SWIFT_EMIT_LOC_STRINGS = NO;
				SWIFT_VERSION = 5.0;
				TARGETED_DEVICE_FAMILY = "1,2";
				TEST_HOST = "$(BUILT_PRODUCTS_DIR)/VoiceMemo.app/$(BUNDLE_EXECUTABLE_FOLDER_PATH)/VoiceMemo";
			};
			name = Release;
		};
		E8EDA0F12B6FB21F00F89D50 /* Debug */ = {
			isa = XCBuildConfiguration;
			buildSettings = {
				ALWAYS_EMBED_SWIFT_STANDARD_LIBRARIES = YES;
				CODE_SIGN_STYLE = Automatic;
				CURRENT_PROJECT_VERSION = 1;
				DEVELOPMENT_TEAM = 9HJKFUTNXJ;
				GENERATE_INFOPLIST_FILE = YES;
				MARKETING_VERSION = 1.0;
				PRODUCT_BUNDLE_IDENTIFIER = com.jiin.VoiceMemoUITests;
				PRODUCT_NAME = "$(TARGET_NAME)";
				SWIFT_EMIT_LOC_STRINGS = NO;
				SWIFT_VERSION = 5.0;
				TARGETED_DEVICE_FAMILY = "1,2";
				TEST_TARGET_NAME = VoiceMemo;
			};
			name = Debug;
		};
		E8EDA0F22B6FB21F00F89D50 /* Release */ = {
			isa = XCBuildConfiguration;
			buildSettings = {
				ALWAYS_EMBED_SWIFT_STANDARD_LIBRARIES = YES;
				CODE_SIGN_STYLE = Automatic;
				CURRENT_PROJECT_VERSION = 1;
				DEVELOPMENT_TEAM = 9HJKFUTNXJ;
				GENERATE_INFOPLIST_FILE = YES;
				MARKETING_VERSION = 1.0;
				PRODUCT_BUNDLE_IDENTIFIER = com.jiin.VoiceMemoUITests;
				PRODUCT_NAME = "$(TARGET_NAME)";
				SWIFT_EMIT_LOC_STRINGS = NO;
				SWIFT_VERSION = 5.0;
				TARGETED_DEVICE_FAMILY = "1,2";
				TEST_TARGET_NAME = VoiceMemo;
			};
			name = Release;
		};
/* End XCBuildConfiguration section */

/* Begin XCConfigurationList section */
		E8EDA0C12B6FB21C00F89D50 /* Build configuration list for PBXProject "VoiceMemo" */ = {
			isa = XCConfigurationList;
			buildConfigurations = (
				E8EDA0E82B6FB21F00F89D50 /* Debug */,
				E8EDA0E92B6FB21F00F89D50 /* Release */,
			);
			defaultConfigurationIsVisible = 0;
			defaultConfigurationName = Release;
		};
		E8EDA0EA2B6FB21F00F89D50 /* Build configuration list for PBXNativeTarget "VoiceMemo" */ = {
			isa = XCConfigurationList;
			buildConfigurations = (
				E8EDA0EB2B6FB21F00F89D50 /* Debug */,
				E8EDA0EC2B6FB21F00F89D50 /* Release */,
			);
			defaultConfigurationIsVisible = 0;
			defaultConfigurationName = Release;
		};
		E8EDA0ED2B6FB21F00F89D50 /* Build configuration list for PBXNativeTarget "VoiceMemoTests" */ = {
			isa = XCConfigurationList;
			buildConfigurations = (
				E8EDA0EE2B6FB21F00F89D50 /* Debug */,
				E8EDA0EF2B6FB21F00F89D50 /* Release */,
			);
			defaultConfigurationIsVisible = 0;
			defaultConfigurationName = Release;
		};
		E8EDA0F02B6FB21F00F89D50 /* Build configuration list for PBXNativeTarget "VoiceMemoUITests" */ = {
			isa = XCConfigurationList;
			buildConfigurations = (
				E8EDA0F12B6FB21F00F89D50 /* Debug */,
				E8EDA0F22B6FB21F00F89D50 /* Release */,
			);
			defaultConfigurationIsVisible = 0;
			defaultConfigurationName = Release;
		};
/* End XCConfigurationList section */
	};
	rootObject = E8EDA0BE2B6FB21C00F89D50 /* Project object */;
}
